github.com/creack/pty v1.1.9/go.mod h1:oKZEueFk5CKHvIhNR5MUki03XCEU+Q6VDXinZuGJ33E=
github.com/google/go-cmp v0.7.0 h1:wk8382ETsv4JYUZwIsn6YpYiWiBsYLSJiTsyBybVuN8=
github.com/google/go-cmp v0.7.0/go.mod h1:pXiqmnSA92OHEEa9HXL2W4E7lf9JzCmGVUdgjX3N/iU=
github.com/kr/fs v0.1.0 h1:Jskdu9ieNAYnjxsi0LbQp1ulIKZV1LAFgK1tWhpZgl8=
github.com/kr/fs v0.1.0/go.mod h1:FFnZGqtBN9Gxj7eW1uZ42v5BccTP0vu6NEaFoC2HwRg=
github.com/kr/pretty v0.3.1 h1:flRD4NNwYAUpkphVc1HcthR4KEIFJ65n8Mw5qdRn3LE=
github.com/kr/pretty v0.3.1/go.mod h1:hoEshYVHaxMs3cyo3Yncou5ZscifuDolrwPKZanG3xk=
github.com/kr/text v0.2.0 h1:5Nx0Ya0ZqY2ygV366QzturHI13Jq95ApcVaJBhpS+AY=
github.com/kr/text v0.2.0/go.mod h1:eLer722TekiGuMkidMxC/pM04lWEeraHUUmBw8l2grE=
github.com/lemon4ksan/aoni v0.7.0-rc.1.0.20260923050730-6edfbd8d275d h1:iH5OKnK2VOK03lj8t+xIT6i6wTP+NZjhNiPBN8FH5b4=
github.com/lemon4ksan/aoni v0.7.0-rc.1.0.20260923050730-6edfbd8d275d/go.mod h1:GEvpMY5YCp1yiHAyWFsb+naXvvLVALu3uy+rzHlzLEo=
github.com/lemon4ksan/aoni v0.7.0-rc.1.0.20260925053548-7bcaa26800c0 h1:3M9bgtbf6hbim9LZBmNW/zfTOuwezCTgDMRQluZk0Ow=
github.com/lemon4ksan/aoni v0.7.0-rc.1.0.20260925053548-7bcaa26800c0/go.mod h1:0DGF4q/tX/xJSaofoO426JdS3PmNojnzixRmffeGFEw=
github.com/lemon4ksan/foundation v0.0.0-20260923050528-dc5d9a8c9c6b h1:Kfnzk+nDCztX03T1mU9CIpVRxylF6m7prs8RC4VGfCg=
github.com/lemon4ksan/foundation v0.0.0-20260923050528-dc5d9a8c9c6b/go.mod h1:mKZ+py0Jq9/teeK0cvjFUajx/DqJ3UiCvez0mwjhw8Y=
github.com/lemon4ksan/foundation v0.0.0-20260924183451-121e9f1d1f93 h1:nqvSaYnFGhIta5pBYhCr7UnmuqQqrhWnj4hIPcEFic8=
github.com/lemon4ksan/foundation v0.0.0-20260924183451-121e9f1d1f93/go.mod h1:mKZ+py0Jq9/teeK0cvjFUajx/DqJ3UiCvez0mwjhw8Y=
github.com/lemon4ksan/mach v0.0.0-20260923050623-74d65af4cf4a h1:VvDOlTSa+FB427vVvEBSZHF0zokDoT6OfOaE/Fbh7GU=
github.com/lemon4ksan/mach v0.0.0-20260923050623-74d65af4cf4a/go.mod h1:h/l1zrh1aT6/xUoxl9s/AZ+n0jVVz2XtLfUgshDkIxw=
github.com/lemon4ksan/mach v0.0.0-20260924165838-4be719b602ef h1:wW4Jy/Nxs94GgO7Y5qL3GWjI2MPrG+FxAVPd0lv3iAo=
github.com/lemon4ksan/mach v0.0.0-20260924165838-4be719b602ef/go.mod h1:1dlEN10qlEEAA4QAk9Hs8go4/BY3iaO6NOm05XN8/0g=
github.com/oschwald/maxminddb-golang/v2 v2.6.0 h1:pRlHCdJmc+4uxMOSthmKDt5HOw3JTX8TJZlhyP5ew0w=
github.com/oschwald/maxminddb-golang/v2 v2.6.0/go.mod h1:sjqpB3z2BZrMduDp9TAUTCkZDoT3nDhixUc4Dge2qRQ=
github.com/pkg/sftp v1.13.11 h1:0N92SLTB8JqASJB14ZLHHzFnBV8mG9zw4K7jghEFWuE=
github.com/pkg/sftp v1.13.11/go.mod h1:uNkH9roSXglNJqM+glJJi+TQXQUm0fXFWqCFmT8hsN0=
github.com/rogpeppe/go-internal v1.14.1 h1:UQB4HGPB6osV0SQTLymcB4TgvyWu6ZyliaW0tI/otEQ=
github.com/rogpeppe/go-internal v1.14.1/go.mod h1:MaRKkUm5W0goXpeCfT7UZI6fk/L7L7so1lCWt35ZSgc=
github.com/stretchr/testify v1.12.1 h1:EuwCh5fleGS7H32xRwO3wRGT7DxrDhLAT6FF8MpWDWE=
github.com/stretchr/testify v1.12.1/go.mod h1:MDEgiDPPsNp5cuIrHPPCyornHKgEVbtFUmoNlxoYthg=
go.yaml.in/yaml/v3 v3.0.5 h1:N6y/pJk8buWs9NY5ERU2HSMfm+IuD/OtfdAnq6kESPw=
go.yaml.in/yaml/v3 v3.0.5/go.mod h1:HVTZu1O7/Vkt2N+BFy8Zza+lnLsABggaTM2ZpNIGuKg=
golang.org/x/crypto v0.57.0 h1:3ZVCjf8Ggz7zneR/EHRVx68Ctf+2pmIMP2UFhh9cC6M=
golang.org/x/crypto v0.57.0/go.mod h1:Fdz0i5U6CoizGwLda9DttjSk6qlZo25zYNtR+ycvuZA=
golang.org/x/net v0.59.0 h1:5zfYln+w5XCxwrnMMJPufRgNoXEaGxl0wo5GqPXyues=
golang.org/x/net v0.59.0/go.mod h1:2DA/G1UfVbCpQPeWTmMPGY7Cs2PkBkwu743bVX5PIVg=
golang.org/x/sys v0.48.0 h1:bbX/i/6MgT9BVLM9RT1thmxL04yeTAhbEz4SyadbXoo=
golang.org/x/sys v0.48.0/go.mod h1:hNLxWAXmnKAxqDtdwIYC4bM9oQPEecfsnNMuSxOs3og=
golang.org/x/term v0.46.0 h1:3+OXuTbaKDgwk8jTi3aSLHRlmWqHEUDUtxnbFigO4YE=
golang.org/x/term v0.46.0/go.mod h1:+K02xbkittuwc0Am4abfA3Fc+XRGXkvBXNO88NCXPoc=
golang.org/x/text v0.42.0 h1:JbOZXgfeCPU9gacVtYliJqOhD+zhrEqK4LfdpmlUZqI=
golang.org/x/text v0.42.0/go.mod h1:ojzP1Z+2QtioaF8DTtO8K5q7JWVVYwZKenzujK0Zd0E=
golang.org/x/time v0.16.0 h1:vMb6ptszcQMkcwiRTAuNNU50gom6++Q/6gY2hDM6VDE=
golang.org/x/time v0.16.0/go.mod h1:rVKOqvZeKvrDKTQiAHJ7wmwP0RzleSphoEA9RcdLA0s=
google.golang.org/protobuf v1.36.12 h1:pJOKDDOyeXErUroCihFAd5LQuwXBSpVnKGrj5o/fwxc=
google.golang.org/protobuf v1.36.12/go.mod h1:HTf+CrKn2C3g5S8VImy6tdcUvCska2kB7j23XfzDpco=
gopkg.in/check.v1 v0.0.0-20161208181325-20d25e280405/go.mod h1:Co6ibVJAznAaIkqp8huTwlJQCZ016jof/cbN4VW5Yz0=
gopkg.in/check.v1 v1.0.0-20201130134442-10cb98267c6c h1:Hei/4ADfdWqJk1ZMxUNpqntNwaWcugrBjAiHlqqRiVk=
gopkg.in/check.v1 v1.0.0-20201130134442-10cb98267c6c/go.mod h1:JHkPIbrfpd72SG/EVd6muEfDQjcINNoR0C8j2r3qZ4Q=
gopkg.in/yaml.v3 v3.0.1 h1:fxVm/GzAzEWqLHuvctI91KS9hhNmmWOoWu0XTYJS7CA=
gopkg.in/yaml.v3 v3.0.1/go.mod h1:K4uyk7z7BCEPqu6E+C64Yfv1cQ7kz7rIZviUmN+EgEM=
