github.com/creack/pty v1.1.9/go.mod h1:oKZEueFk5CKHvIhNR5MUki03XCEU+Q6VDXinZuGJ33E=
github.com/google/go-cmp v0.7.0 h1:wk8382ETsv4JYUZwIsn6YpYiWiBsYLSJiTsyBybVuN8=
github.com/google/go-cmp v0.7.0/go.mod h1:pXiqmnSA92OHEEa9HXL2W4E7lf9JzCmGVUdgjX3N/iU=
github.com/kr/fs v0.1.0 h1:Jskdu9ieNAYnjxsi0LbQp1ulIKZV1LAFgK1tWhpZgl8=
github.com/kr/fs v0.1.0/go.mod h1:FFnZGqtBN9Gxj7eW1uZ42v5BccTP0vu6NEaFoC2HwRg=
github.com/kr/pretty v0.3.1 h1:flRD4NNwYAUpkphVc1HcthR4KEIFJ65n8Mw5qdRn3LE=
github.com/kr/pretty v0.3.1/go.mod h1:hoEshYVHaxMs3cyo3Yncou5ZscifuDolrwPKZanG3xk=
github.com/kr/text v0.2.0 h1:5Nx0Ya0ZqY2ygV366QzturHI13Jq95ApcVaJBhpS+AY=
github.com/kr/text v0.2.0/go.mod h1:eLer722TekiGuMkidMxC/pM04lWEeraHUUmBw8l2grE=
github.com/lemon4ksan/aoni v0.7.0-rc.1.0.20260920060721-6f6ecf47ec58 h1:xeI7gFkjsETGYfxUwExQ99S93XlYNDYT56D00jDyKnM=
github.com/lemon4ksan/aoni v0.7.0-rc.1.0.20260920060721-6f6ecf47ec58/go.mod h1:DiwMkMgtkyCDnqwLEwtrzkUb6cgOo+ZHZrMcVc7ldhU=
github.com/lemon4ksan/aoni v0.7.0-rc.1.0.20260920194150-eaab0fb5365d h1:zm8kEY1v/T6QUnoTS/DGPGaNdLeJ48wQnJq3q13MftU=
github.com/lemon4ksan/aoni v0.7.0-rc.1.0.20260920194150-eaab0fb5365d/go.mod h1:YRXeBuJrhlLk5Ejvs9IN77i90AmQMfOUddaLieA3Ym4=
github.com/lemon4ksan/foundation v0.0.0-20260920141646-c7a65ba13aeb h1:5O20cynobhf7kuTMhcbhHBokfL5DUtJtfo+x9A6UdwU=
github.com/lemon4ksan/foundation v0.0.0-20260920141646-c7a65ba13aeb/go.mod h1:mKZ+py0Jq9/teeK0cvjFUajx/DqJ3UiCvez0mwjhw8Y=
github.com/lemon4ksan/foundation v0.0.0-20260920191713-7709c688b2d7 h1:gGzm8Rz3R9SqMvDf9TQsNcbpHuTQxRbkhhik2T17eyU=
github.com/lemon4ksan/foundation v0.0.0-20260920191713-7709c688b2d7/go.mod h1:mKZ+py0Jq9/teeK0cvjFUajx/DqJ3UiCvez0mwjhw8Y=
github.com/lemon4ksan/mach v0.0.0-20260920180201-e8c8c689dd37 h1:veyS8vJemvDme0OsSVKpJ0R823ZGv4auKUNUvtSnEoc=
github.com/lemon4ksan/mach v0.0.0-20260920180201-e8c8c689dd37/go.mod h1:ANbXbzOQp/kViAtmpGWNc3TG4WZoXg6udsiKpd7wjqo=
github.com/lemon4ksan/mach v0.0.0-20260920191812-bb7ae0771871 h1:pZbTlhT9V9UEjjKHTsA2bLofLpzMscJ9FQIjgsrYZxI=
github.com/lemon4ksan/mach v0.0.0-20260920191812-bb7ae0771871/go.mod h1:igV/o2BgaROAqXeYK5GQPYL2noZ3Q1BFX9AeYRhINMs=
github.com/oschwald/maxminddb-golang/v2 v2.6.0 h1:pRlHCdJmc+4uxMOSthmKDt5HOw3JTX8TJZlhyP5ew0w=
github.com/oschwald/maxminddb-golang/v2 v2.6.0/go.mod h1:sjqpB3z2BZrMduDp9TAUTCkZDoT3nDhixUc4Dge2qRQ=
github.com/pkg/sftp v1.13.11 h1:0N92SLTB8JqASJB14ZLHHzFnBV8mG9zw4K7jghEFWuE=
github.com/pkg/sftp v1.13.11/go.mod h1:uNkH9roSXglNJqM+glJJi+TQXQUm0fXFWqCFmT8hsN0=
github.com/rogpeppe/go-internal v1.14.1 h1:UQB4HGPB6osV0SQTLymcB4TgvyWu6ZyliaW0tI/otEQ=
github.com/rogpeppe/go-internal v1.14.1/go.mod h1:MaRKkUm5W0goXpeCfT7UZI6fk/L7L7so1lCWt35ZSgc=
github.com/stretchr/testify v1.12.1 h1:EuwCh5fleGS7H32xRwO3wRGT7DxrDhLAT6FF8MpWDWE=
github.com/stretchr/testify v1.12.1/go.mod h1:MDEgiDPPsNp5cuIrHPPCyornHKgEVbtFUmoNlxoYthg=
go.yaml.in/yaml/v3 v3.0.5 h1:N6y/pJk8buWs9NY5ERU2HSMfm+IuD/OtfdAnq6kESPw=
go.yaml.in/yaml/v3 v3.0.5/go.mod h1:HVTZu1O7/Vkt2N+BFy8Zza+lnLsABggaTM2ZpNIGuKg=
golang.org/x/crypto v0.57.0 h1:3ZVCjf8Ggz7zneR/EHRVx68Ctf+2pmIMP2UFhh9cC6M=
golang.org/x/crypto v0.57.0/go.mod h1:Fdz0i5U6CoizGwLda9DttjSk6qlZo25zYNtR+ycvuZA=
golang.org/x/net v0.59.0 h1:5zfYln+w5XCxwrnMMJPufRgNoXEaGxl0wo5GqPXyues=
golang.org/x/net v0.59.0/go.mod h1:2DA/G1UfVbCpQPeWTmMPGY7Cs2PkBkwu743bVX5PIVg=
golang.org/x/sys v0.48.0 h1:bbX/i/6MgT9BVLM9RT1thmxL04yeTAhbEz4SyadbXoo=
golang.org/x/sys v0.48.0/go.mod h1:hNLxWAXmnKAxqDtdwIYC4bM9oQPEecfsnNMuSxOs3og=
golang.org/x/term v0.46.0 h1:3+OXuTbaKDgwk8jTi3aSLHRlmWqHEUDUtxnbFigO4YE=
golang.org/x/term v0.46.0/go.mod h1:+K02xbkittuwc0Am4abfA3Fc+XRGXkvBXNO88NCXPoc=
golang.org/x/text v0.42.0 h1:JbOZXgfeCPU9gacVtYliJqOhD+zhrEqK4LfdpmlUZqI=
golang.org/x/text v0.42.0/go.mod h1:ojzP1Z+2QtioaF8DTtO8K5q7JWVVYwZKenzujK0Zd0E=
golang.org/x/time v0.16.0 h1:vMb6ptszcQMkcwiRTAuNNU50gom6++Q/6gY2hDM6VDE=
golang.org/x/time v0.16.0/go.mod h1:rVKOqvZeKvrDKTQiAHJ7wmwP0RzleSphoEA9RcdLA0s=
google.golang.org/protobuf v1.36.12 h1:pJOKDDOyeXErUroCihFAd5LQuwXBSpVnKGrj5o/fwxc=
google.golang.org/protobuf v1.36.12/go.mod h1:HTf+CrKn2C3g5S8VImy6tdcUvCska2kB7j23XfzDpco=
gopkg.in/check.v1 v0.0.0-20161208181325-20d25e280405/go.mod h1:Co6ibVJAznAaIkqp8huTwlJQCZ016jof/cbN4VW5Yz0=
gopkg.in/check.v1 v1.0.0-20201130134442-10cb98267c6c h1:Hei/4ADfdWqJk1ZMxUNpqntNwaWcugrBjAiHlqqRiVk=
gopkg.in/check.v1 v1.0.0-20201130134442-10cb98267c6c/go.mod h1:JHkPIbrfpd72SG/EVd6muEfDQjcINNoR0C8j2r3qZ4Q=
gopkg.in/yaml.v3 v3.0.1 h1:fxVm/GzAzEWqLHuvctI91KS9hhNmmWOoWu0XTYJS7CA=
gopkg.in/yaml.v3 v3.0.1/go.mod h1:K4uyk7z7BCEPqu6E+C64Yfv1cQ7kz7rIZviUmN+EgEM=
